
Microsoft Visual Studio Solution File, Format Version 12.00
Project("{FAE04EC0-301F-11D3-BF4B-00C04F79EFBC}") = "Pictogen.API", "Pictogen.API\Pictogen.API.csproj", "{5E707B91-4922-4D85-A1D9-CFA7D032F8E5}"
EndProject
Project("{FAE04EC0-301F-11D3-BF4B-00C04F79EFBC}") = "Pictogen.Infrastructure", "Pictogen.Infrastructure\Pictogen.Infrastructure.csproj", "{181D6317-BE97-4E00-9BF7-E6A927494B90}"
EndProject
Project("{FAE04EC0-301F-11D3-BF4B-00C04F79EFBC}") = "Pictogen.Domain", "Pictogen.Domain\Pictogen.Domain.csproj", "{D51685C8-254C-4299-B8AF-A64F9D098572}"
EndProject
Project("{FAE04EC0-301F-11D3-BF4B-00C04F79EFBC}") = "Pictogen.Application", "Pictogen.Application\Pictogen.Application.csproj", "{D3911422-3DBD-4402-9877-B8609A106673}"
EndProject
Global
	GlobalSection(SolutionConfigurationPlatforms) = preSolution
		Debug|Any CPU = Debug|Any CPU
		Release|Any CPU = Release|Any CPU
	EndGlobalSection
	GlobalSection(ProjectConfigurationPlatforms) = postSolution
		{5E707B91-4922-4D85-A1D9-CFA7D032F8E5}.Debug|Any CPU.ActiveCfg = Debug|Any CPU
		{5E707B91-4922-4D85-A1D9-CFA7D032F8E5}.Debug|Any CPU.Build.0 = Debug|Any CPU
		{5E707B91-4922-4D85-A1D9-CFA7D032F8E5}.Release|Any CPU.ActiveCfg = Release|Any CPU
		{5E707B91-4922-4D85-A1D9-CFA7D032F8E5}.Release|Any CPU.Build.0 = Release|Any CPU
		{181D6317-BE97-4E00-9BF7-E6A927494B90}.Debug|Any CPU.ActiveCfg = Debug|Any CPU
		{181D6317-BE97-4E00-9BF7-E6A927494B90}.Debug|Any CPU.Build.0 = Debug|Any CPU
		{181D6317-BE97-4E00-9BF7-E6A927494B90}.Release|Any CPU.ActiveCfg = Release|Any CPU
		{181D6317-BE97-4E00-9BF7-E6A927494B90}.Release|Any CPU.Build.0 = Release|Any CPU
		{D51685C8-254C-4299-B8AF-A64F9D098572}.Debug|Any CPU.ActiveCfg = Debug|Any CPU
		{D51685C8-254C-4299-B8AF-A64F9D098572}.Debug|Any CPU.Build.0 = Debug|Any CPU
		{D51685C8-254C-4299-B8AF-A64F9D098572}.Release|Any CPU.ActiveCfg = Release|Any CPU
		{D51685C8-254C-4299-B8AF-A64F9D098572}.Release|Any CPU.Build.0 = Release|Any CPU
		{D3911422-3DBD-4402-9877-B8609A106673}.Debug|Any CPU.ActiveCfg = Debug|Any CPU
		{D3911422-3DBD-4402-9877-B8609A106673}.Debug|Any CPU.Build.0 = Debug|Any CPU
		{D3911422-3DBD-4402-9877-B8609A106673}.Release|Any CPU.ActiveCfg = Release|Any CPU
		{D3911422-3DBD-4402-9877-B8609A106673}.Release|Any CPU.Build.0 = Release|Any CPU
	EndGlobalSection
EndGlobal
